// !$*UTF8*$!
{
	archiveVersion = 1;
	classes = {
	};
	objectVersion = 54;
	objects = {

/* Begin PBXBuildFile section */
		445713CE81313A700A15F0CF /* Pods_qqhrLive.framework in Frameworks */ = {isa = PBXBuildFile; fileRef = 6226BF157D9B1108294690A2 /* Pods_qqhrLive.framework */; };
		BC0B5208263D15B900F41859 /* CollectionGameCell.swift in Sources */ = {isa = PBXBuildFile; fileRef = BC0B5206263D15B900F41859 /* CollectionGameCell.swift */; };
		BC0B5209263D15B900F41859 /* CollectionGameCell.xib in Resources */ = {isa = PBXBuildFile; fileRef = BC0B5207263D15B900F41859 /* CollectionGameCell.xib */; };
		BC0B522E263D5E8800F41859 /* AVView.swift in Sources */ = {isa = PBXBuildFile; fileRef = BC0B522D263D5E8800F41859 /* AVView.swift */; };
		BC21F5E92629BCE200E4A824 /* RecommendViewController.swift in Sources */ = {isa = PBXBuildFile; fileRef = BC21F5E82629BCE200E4A824 /* RecommendViewController.swift */; };
		BC24AEBB263E9B1F00D095A3 /* GameViewModel.swift in Sources */ = {isa = PBXBuildFile; fileRef = BC24AEBA263E9B1F00D095A3 /* GameViewModel.swift */; };
		BC24AEBD263E9DEE00D095A3 /* GameModel.swift in Sources */ = {isa = PBXBuildFile; fileRef = BC24AEBC263E9DEE00D095A3 /* GameModel.swift */; };
		BC24AEBF263EA4C500D095A3 /* BaseViewController.swift in Sources */ = {isa = PBXBuildFile; fileRef = BC24AEBE263EA4C500D095A3 /* BaseViewController.swift */; };
		BC24AEC1263F299C00D095A3 /* AmuseViewController.swift in Sources */ = {isa = PBXBuildFile; fileRef = BC24AEC0263F299C00D095A3 /* AmuseViewController.swift */; };
		BC24AEC3263F2C0E00D095A3 /* AmuseViewModel.swift in Sources */ = {isa = PBXBuildFile; fileRef = BC24AEC2263F2C0E00D095A3 /* AmuseViewModel.swift */; };
		BC3724F0261C8A42003CD519 /* PageTitleView.swift in Sources */ = {isa = PBXBuildFile; fileRef = BC3724EF261C8A42003CD519 /* PageTitleView.swift */; };
		BC3724F3261C8CE6003CD519 /* Common.swift in Sources */ = {isa = PBXBuildFile; fileRef = BC3724F2261C8CE6003CD519 /* Common.swift */; };
		BC3724F7261CAE29003CD519 /* PageContentView.swift in Sources */ = {isa = PBXBuildFile; fileRef = BC3724F6261CAE29003CD519 /* PageContentView.swift */; };
		BC3724FA261CB146003CD519 /* UIColor-Extension.swift in Sources */ = {isa = PBXBuildFile; fileRef = BC3724F9261CB146003CD519 /* UIColor-Extension.swift */; };
		BC393D9F262BCF8100337FAB /* CollectionHeaderView.swift in Sources */ = {isa = PBXBuildFile; fileRef = BC393D9D262BCF8100337FAB /* CollectionHeaderView.swift */; };
		BC393DA0262BCF8100337FAB /* CollectionHeaderView.xib in Resources */ = {isa = PBXBuildFile; fileRef = BC393D9E262BCF8100337FAB /* CollectionHeaderView.xib */; };
		BC393DA4262BDBEB00337FAB /* CollectionNormalCell.swift in Sources */ = {isa = PBXBuildFile; fileRef = BC393DA2262BDBEB00337FAB /* CollectionNormalCell.swift */; };
		BC393DA5262BDBEB00337FAB /* CollectionNormalCell.xib in Resources */ = {isa = PBXBuildFile; fileRef = BC393DA3262BDBEB00337FAB /* CollectionNormalCell.xib */; };
		BC393DAF262BE69A00337FAB /* CollectionPrettyCell.swift in Sources */ = {isa = PBXBuildFile; fileRef = BC393DAD262BE69A00337FAB /* CollectionPrettyCell.swift */; };
		BC393DB0262BE69A00337FAB /* CollectionPrettyCell.xib in Resources */ = {isa = PBXBuildFile; fileRef = BC393DAE262BE69A00337FAB /* CollectionPrettyCell.xib */; };
		BC393DE0262C347600337FAB /* NetworkTools.swift in Sources */ = {isa = PBXBuildFile; fileRef = BC393DDF262C347500337FAB /* NetworkTools.swift */; };
		BC393DE8262C38CC00337FAB /* RecommendViewModel.swift in Sources */ = {isa = PBXBuildFile; fileRef = BC393DE7262C38CC00337FAB /* RecommendViewModel.swift */; };
		BC393DEC262DA7F400337FAB /* NSDate-Extension.swift in Sources */ = {isa = PBXBuildFile; fileRef = BC393DEB262DA7F400337FAB /* NSDate-Extension.swift */; };
		BC393DEF262DACA700337FAB /* AncharGroup.swift in Sources */ = {isa = PBXBuildFile; fileRef = BC393DEE262DACA700337FAB /* AncharGroup.swift */; };
		BC393DF2262DB20C00337FAB /* AnchorModel.swift in Sources */ = {isa = PBXBuildFile; fileRef = BC393DF1262DB20C00337FAB /* AnchorModel.swift */; };
		BC4145A62633E67000C1D0F5 /* CollectionBaseCell.swift in Sources */ = {isa = PBXBuildFile; fileRef = BC4145A52633E67000C1D0F5 /* CollectionBaseCell.swift */; };
		BC4145AC2633F35C00C1D0F5 /* RecommendCycleView.swift in Sources */ = {isa = PBXBuildFile; fileRef = BC4145AB2633F35C00C1D0F5 /* RecommendCycleView.swift */; };
		BC4145AF2633F3B500C1D0F5 /* RecommendCycleView.xib in Resources */ = {isa = PBXBuildFile; fileRef = BC4145AE2633F3B500C1D0F5 /* RecommendCycleView.xib */; };
		BC490556263CF88600C70BAD /* RecommendGameView.swift in Sources */ = {isa = PBXBuildFile; fileRef = BC490555263CF88600C70BAD /* RecommendGameView.swift */; };
		BC490559263CF89100C70BAD /* RecommendGameView.xib in Resources */ = {isa = PBXBuildFile; fileRef = BC490558263CF89100C70BAD /* RecommendGameView.xib */; };
		BC5799DA2641034000452F77 /* FunneyViewController.swift in Sources */ = {isa = PBXBuildFile; fileRef = BC5799D92641034000452F77 /* FunneyViewController.swift */; };
		BC5799DC264107E300452F77 /* FunnyViewModel.swift in Sources */ = {isa = PBXBuildFile; fileRef = BC5799DB264107E300452F77 /* FunnyViewModel.swift */; };
		BC5A21252618E46D00103AE3 /* AppDelegate.swift in Sources */ = {isa = PBXBuildFile; fileRef = BC5A21242618E46D00103AE3 /* AppDelegate.swift */; };
		BC5A21272618E46D00103AE3 /* SceneDelegate.swift in Sources */ = {isa = PBXBuildFile; fileRef = BC5A21262618E46D00103AE3 /* SceneDelegate.swift */; };
		BC5A212C2618E46D00103AE3 /* Main.storyboard in Resources */ = {isa = PBXBuildFile; fileRef = BC5A212A2618E46D00103AE3 /* Main.storyboard */; };
		BC5A212E2618E46D00103AE3 /* Assets.xcassets in Resources */ = {isa = PBXBuildFile; fileRef = BC5A212D2618E46D00103AE3 /* Assets.xcassets */; };
		BC5A21312618E46D00103AE3 /* LaunchScreen.storyboard in Resources */ = {isa = PBXBuildFile; fileRef = BC5A212F2618E46D00103AE3 /* LaunchScreen.storyboard */; };
		BC5A214D2618F02300103AE3 /* Home.storyboard in Resources */ = {isa = PBXBuildFile; fileRef = BC5A214B2618F02300103AE3 /* Home.storyboard */; };
		BC5A21502618F05000103AE3 /* Live.storyboard in Resources */ = {isa = PBXBuildFile; fileRef = BC5A214F2618F05000103AE3 /* Live.storyboard */; };
		BC5A21542618F06E00103AE3 /* Follow.storyboard in Resources */ = {isa = PBXBuildFile; fileRef = BC5A21522618F06E00103AE3 /* Follow.storyboard */; };
		BC5A21572618F08100103AE3 /* Profile.storyboard in Resources */ = {isa = PBXBuildFile; fileRef = BC5A21562618F08100103AE3 /* Profile.storyboard */; };
		BC5A216D261A146500103AE3 /* HomeViewController.swift in Sources */ = {isa = PBXBuildFile; fileRef = BC5A216C261A146500103AE3 /* HomeViewController.swift */; };
		BC5A2173261A1F2E00103AE3 /* UIBarButtonItem-Extension.swift in Sources */ = {isa = PBXBuildFile; fileRef = BC5A2172261A1F2E00103AE3 /* UIBarButtonItem-Extension.swift */; };
<<<<<<< HEAD
		BC84008926371B67007AEAF4 /* RecommenGameView.swift in Sources */ = {isa = PBXBuildFile; fileRef = BC84008826371B67007AEAF4 /* RecommenGameView.swift */; };
		BC84008C26371B7F007AEAF4 /* RecommenGameView.xib in Resources */ = {isa = PBXBuildFile; fileRef = BC84008B26371B7F007AEAF4 /* RecommenGameView.xib */; };
=======
		BC6699D3263E4C0D000C7E8D /* GameViewController.swift in Sources */ = {isa = PBXBuildFile; fileRef = BC6699D2263E4C0D000C7E8D /* GameViewController.swift */; };
		BC70BB3F26405AA300A30949 /* BaseAnchorViewController.swift in Sources */ = {isa = PBXBuildFile; fileRef = BC70BB3E26405AA300A30949 /* BaseAnchorViewController.swift */; };
		BC70BB4126406B7D00A30949 /* AmuseMenuView.swift in Sources */ = {isa = PBXBuildFile; fileRef = BC70BB4026406B7D00A30949 /* AmuseMenuView.swift */; };
		BC70BB4326406BAA00A30949 /* AmuseMenuView.xib in Resources */ = {isa = PBXBuildFile; fileRef = BC70BB4226406BAA00A30949 /* AmuseMenuView.xib */; };
		BC8F3AAE2641689B00BBA40D /* RoomShowViewController.swift in Sources */ = {isa = PBXBuildFile; fileRef = BC8F3AAD2641689B00BBA40D /* RoomShowViewController.swift */; };
		BC8F3AB0264168D200BBA40D /* RoomNormalViewController.swift in Sources */ = {isa = PBXBuildFile; fileRef = BC8F3AAF264168D200BBA40D /* RoomNormalViewController.swift */; };
>>>>>>> dev-home
		BCC4D57A2635834D001853AB /* CycleModel.swift in Sources */ = {isa = PBXBuildFile; fileRef = BCC4D5792635834D001853AB /* CycleModel.swift */; };
		BCC4D57E263588B6001853AB /* CollectionCycleCell.swift in Sources */ = {isa = PBXBuildFile; fileRef = BCC4D57C263588B6001853AB /* CollectionCycleCell.swift */; };
		BCC4D57F263588B6001853AB /* CollectionCycleCell.xib in Resources */ = {isa = PBXBuildFile; fileRef = BCC4D57D263588B6001853AB /* CollectionCycleCell.xib */; };
		C190BE1C2636A2E200D1EE89 /* BaseViewModel.swift in Sources */ = {isa = PBXBuildFile; fileRef = C190BE1B2636A2E200D1EE89 /* BaseViewModel.swift */; };
		C190BE2126379DB200D1EE89 /* CollectionGameCell.swift in Sources */ = {isa = PBXBuildFile; fileRef = C190BE1F26379DB200D1EE89 /* CollectionGameCell.swift */; };
		C190BE2226379DB200D1EE89 /* CollectionGameCell.xib in Resources */ = {isa = PBXBuildFile; fileRef = C190BE2026379DB200D1EE89 /* CollectionGameCell.xib */; };
		C19E52892634FFF50055E9B5 /* BaseGameModel.swift in Sources */ = {isa = PBXBuildFile; fileRef = C19E52882634FFF50055E9B5 /* BaseGameModel.swift */; };
/* End PBXBuildFile section */

/* Begin PBXFileReference section */
		6226BF157D9B1108294690A2 /* Pods_qqhrLive.framework */ = {isa = PBXFileReference; explicitFileType = wrapper.framework; includeInIndex = 0; path = Pods_qqhrLive.framework; sourceTree = BUILT_PRODUCTS_DIR; };
		AF708FB4715A11213FAD4FFF /* Pods-qqhrLive.release.xcconfig */ = {isa = PBXFileReference; includeInIndex = 1; lastKnownFileType = text.xcconfig; name = "Pods-qqhrLive.release.xcconfig"; path = "Target Support Files/Pods-qqhrLive/Pods-qqhrLive.release.xcconfig"; sourceTree = "<group>"; };
		BC0B5206263D15B900F41859 /* CollectionGameCell.swift */ = {isa = PBXFileReference; lastKnownFileType = sourcecode.swift; path = CollectionGameCell.swift; sourceTree = "<group>"; };
		BC0B5207263D15B900F41859 /* CollectionGameCell.xib */ = {isa = PBXFileReference; lastKnownFileType = file.xib; path = CollectionGameCell.xib; sourceTree = "<group>"; };
		BC0B522D263D5E8800F41859 /* AVView.swift */ = {isa = PBXFileReference; lastKnownFileType = sourcecode.swift; path = AVView.swift; sourceTree = "<group>"; };
		BC21F5E82629BCE200E4A824 /* RecommendViewController.swift */ = {isa = PBXFileReference; lastKnownFileType = sourcecode.swift; path = RecommendViewController.swift; sourceTree = "<group>"; };
		BC24AEBA263E9B1F00D095A3 /* GameViewModel.swift */ = {isa = PBXFileReference; lastKnownFileType = sourcecode.swift; path = GameViewModel.swift; sourceTree = "<group>"; };
		BC24AEBC263E9DEE00D095A3 /* GameModel.swift */ = {isa = PBXFileReference; lastKnownFileType = sourcecode.swift; name = GameModel.swift; path = qqhrLive/Classes/Home/ViewModel/GameModel.swift; sourceTree = SOURCE_ROOT; };
		BC24AEBE263EA4C500D095A3 /* BaseViewController.swift */ = {isa = PBXFileReference; lastKnownFileType = sourcecode.swift; path = BaseViewController.swift; sourceTree = "<group>"; };
		BC24AEC0263F299C00D095A3 /* AmuseViewController.swift */ = {isa = PBXFileReference; lastKnownFileType = sourcecode.swift; path = AmuseViewController.swift; sourceTree = "<group>"; };
		BC24AEC2263F2C0E00D095A3 /* AmuseViewModel.swift */ = {isa = PBXFileReference; lastKnownFileType = sourcecode.swift; path = AmuseViewModel.swift; sourceTree = "<group>"; };
		BC3724EF261C8A42003CD519 /* PageTitleView.swift */ = {isa = PBXFileReference; lastKnownFileType = sourcecode.swift; path = PageTitleView.swift; sourceTree = "<group>"; };
		BC3724F2261C8CE6003CD519 /* Common.swift */ = {isa = PBXFileReference; lastKnownFileType = sourcecode.swift; path = Common.swift; sourceTree = "<group>"; };
		BC3724F6261CAE29003CD519 /* PageContentView.swift */ = {isa = PBXFileReference; lastKnownFileType = sourcecode.swift; path = PageContentView.swift; sourceTree = "<group>"; };
		BC3724F9261CB146003CD519 /* UIColor-Extension.swift */ = {isa = PBXFileReference; lastKnownFileType = sourcecode.swift; path = "UIColor-Extension.swift"; sourceTree = "<group>"; };
		BC393D9D262BCF8100337FAB /* CollectionHeaderView.swift */ = {isa = PBXFileReference; lastKnownFileType = sourcecode.swift; path = CollectionHeaderView.swift; sourceTree = "<group>"; };
		BC393D9E262BCF8100337FAB /* CollectionHeaderView.xib */ = {isa = PBXFileReference; lastKnownFileType = file.xib; path = CollectionHeaderView.xib; sourceTree = "<group>"; };
		BC393DA2262BDBEB00337FAB /* CollectionNormalCell.swift */ = {isa = PBXFileReference; lastKnownFileType = sourcecode.swift; path = CollectionNormalCell.swift; sourceTree = "<group>"; };
		BC393DA3262BDBEB00337FAB /* CollectionNormalCell.xib */ = {isa = PBXFileReference; lastKnownFileType = file.xib; path = CollectionNormalCell.xib; sourceTree = "<group>"; };
		BC393DAD262BE69A00337FAB /* CollectionPrettyCell.swift */ = {isa = PBXFileReference; lastKnownFileType = sourcecode.swift; path = CollectionPrettyCell.swift; sourceTree = "<group>"; };
		BC393DAE262BE69A00337FAB /* CollectionPrettyCell.xib */ = {isa = PBXFileReference; lastKnownFileType = file.xib; path = CollectionPrettyCell.xib; sourceTree = "<group>"; };
		BC393DDF262C347500337FAB /* NetworkTools.swift */ = {isa = PBXFileReference; fileEncoding = 4; lastKnownFileType = sourcecode.swift; path = NetworkTools.swift; sourceTree = "<group>"; };
		BC393DE7262C38CC00337FAB /* RecommendViewModel.swift */ = {isa = PBXFileReference; lastKnownFileType = sourcecode.swift; path = RecommendViewModel.swift; sourceTree = "<group>"; };
		BC393DEB262DA7F400337FAB /* NSDate-Extension.swift */ = {isa = PBXFileReference; lastKnownFileType = sourcecode.swift; path = "NSDate-Extension.swift"; sourceTree = "<group>"; };
		BC393DEE262DACA700337FAB /* AncharGroup.swift */ = {isa = PBXFileReference; lastKnownFileType = sourcecode.swift; path = AncharGroup.swift; sourceTree = "<group>"; };
		BC393DF1262DB20C00337FAB /* AnchorModel.swift */ = {isa = PBXFileReference; lastKnownFileType = sourcecode.swift; path = AnchorModel.swift; sourceTree = "<group>"; };
		BC4145A52633E67000C1D0F5 /* CollectionBaseCell.swift */ = {isa = PBXFileReference; lastKnownFileType = sourcecode.swift; path = CollectionBaseCell.swift; sourceTree = "<group>"; };
		BC4145AB2633F35C00C1D0F5 /* RecommendCycleView.swift */ = {isa = PBXFileReference; lastKnownFileType = sourcecode.swift; path = RecommendCycleView.swift; sourceTree = "<group>"; };
		BC4145AE2633F3B500C1D0F5 /* RecommendCycleView.xib */ = {isa = PBXFileReference; lastKnownFileType = file.xib; path = RecommendCycleView.xib; sourceTree = "<group>"; };
		BC490555263CF88600C70BAD /* RecommendGameView.swift */ = {isa = PBXFileReference; lastKnownFileType = sourcecode.swift; path = RecommendGameView.swift; sourceTree = "<group>"; };
		BC490558263CF89100C70BAD /* RecommendGameView.xib */ = {isa = PBXFileReference; lastKnownFileType = file.xib; path = RecommendGameView.xib; sourceTree = "<group>"; };
		BC5799D92641034000452F77 /* FunneyViewController.swift */ = {isa = PBXFileReference; lastKnownFileType = sourcecode.swift; path = FunneyViewController.swift; sourceTree = "<group>"; };
		BC5799DB264107E300452F77 /* FunnyViewModel.swift */ = {isa = PBXFileReference; lastKnownFileType = sourcecode.swift; path = FunnyViewModel.swift; sourceTree = "<group>"; };
		BC5A21212618E46D00103AE3 /* qqhrLive.app */ = {isa = PBXFileReference; explicitFileType = wrapper.application; includeInIndex = 0; path = qqhrLive.app; sourceTree = BUILT_PRODUCTS_DIR; };
		BC5A21242618E46D00103AE3 /* AppDelegate.swift */ = {isa = PBXFileReference; lastKnownFileType = sourcecode.swift; path = AppDelegate.swift; sourceTree = "<group>"; };
		BC5A21262618E46D00103AE3 /* SceneDelegate.swift */ = {isa = PBXFileReference; lastKnownFileType = sourcecode.swift; path = SceneDelegate.swift; sourceTree = "<group>"; };
		BC5A212B2618E46D00103AE3 /* Base */ = {isa = PBXFileReference; lastKnownFileType = file.storyboard; name = Base; path = Base.lproj/Main.storyboard; sourceTree = "<group>"; };
		BC5A212D2618E46D00103AE3 /* Assets.xcassets */ = {isa = PBXFileReference; lastKnownFileType = folder.assetcatalog; path = Assets.xcassets; sourceTree = "<group>"; };
		BC5A21302618E46D00103AE3 /* Base */ = {isa = PBXFileReference; lastKnownFileType = file.storyboard; name = Base; path = Base.lproj/LaunchScreen.storyboard; sourceTree = "<group>"; };
		BC5A21322618E46D00103AE3 /* Info.plist */ = {isa = PBXFileReference; lastKnownFileType = text.plist.xml; path = Info.plist; sourceTree = "<group>"; };
		BC5A214C2618F02300103AE3 /* Base */ = {isa = PBXFileReference; lastKnownFileType = file.storyboard; name = Base; path = qqhrLive/Classes/Main/Base.lproj/Home.storyboard; sourceTree = "<group>"; };
		BC5A214F2618F05000103AE3 /* Live.storyboard */ = {isa = PBXFileReference; fileEncoding = 4; lastKnownFileType = file.storyboard; path = Live.storyboard; sourceTree = "<group>"; };
		BC5A21532618F06E00103AE3 /* Base */ = {isa = PBXFileReference; lastKnownFileType = file.storyboard; name = Base; path = qqhrLive/Classes/Main/Base.lproj/Follow.storyboard; sourceTree = "<group>"; };
		BC5A21562618F08100103AE3 /* Profile.storyboard */ = {isa = PBXFileReference; fileEncoding = 4; lastKnownFileType = file.storyboard; path = Profile.storyboard; sourceTree = "<group>"; };
		BC5A216C261A146500103AE3 /* HomeViewController.swift */ = {isa = PBXFileReference; lastKnownFileType = sourcecode.swift; path = HomeViewController.swift; sourceTree = "<group>"; };
		BC5A2172261A1F2E00103AE3 /* UIBarButtonItem-Extension.swift */ = {isa = PBXFileReference; lastKnownFileType = sourcecode.swift; path = "UIBarButtonItem-Extension.swift"; sourceTree = "<group>"; };
<<<<<<< HEAD
		BC84008826371B67007AEAF4 /* RecommenGameView.swift */ = {isa = PBXFileReference; lastKnownFileType = sourcecode.swift; path = RecommenGameView.swift; sourceTree = "<group>"; };
		BC84008B26371B7F007AEAF4 /* RecommenGameView.xib */ = {isa = PBXFileReference; lastKnownFileType = file.xib; path = RecommenGameView.xib; sourceTree = "<group>"; };
=======
		BC6699D2263E4C0D000C7E8D /* GameViewController.swift */ = {isa = PBXFileReference; lastKnownFileType = sourcecode.swift; path = GameViewController.swift; sourceTree = "<group>"; };
		BC70BB3E26405AA300A30949 /* BaseAnchorViewController.swift */ = {isa = PBXFileReference; lastKnownFileType = sourcecode.swift; path = BaseAnchorViewController.swift; sourceTree = "<group>"; };
		BC70BB4026406B7D00A30949 /* AmuseMenuView.swift */ = {isa = PBXFileReference; lastKnownFileType = sourcecode.swift; path = AmuseMenuView.swift; sourceTree = "<group>"; };
		BC70BB4226406BAA00A30949 /* AmuseMenuView.xib */ = {isa = PBXFileReference; lastKnownFileType = file.xib; path = AmuseMenuView.xib; sourceTree = "<group>"; };
		BC8F3AAD2641689B00BBA40D /* RoomShowViewController.swift */ = {isa = PBXFileReference; lastKnownFileType = sourcecode.swift; path = RoomShowViewController.swift; sourceTree = "<group>"; };
		BC8F3AAF264168D200BBA40D /* RoomNormalViewController.swift */ = {isa = PBXFileReference; lastKnownFileType = sourcecode.swift; path = RoomNormalViewController.swift; sourceTree = "<group>"; };
>>>>>>> dev-home
		BCC4D5792635834D001853AB /* CycleModel.swift */ = {isa = PBXFileReference; lastKnownFileType = sourcecode.swift; name = CycleModel.swift; path = qqhrLive/Classes/Home/View/CycleModel.swift; sourceTree = SOURCE_ROOT; };
		BCC4D57C263588B6001853AB /* CollectionCycleCell.swift */ = {isa = PBXFileReference; lastKnownFileType = sourcecode.swift; path = CollectionCycleCell.swift; sourceTree = "<group>"; };
		BCC4D57D263588B6001853AB /* CollectionCycleCell.xib */ = {isa = PBXFileReference; lastKnownFileType = file.xib; path = CollectionCycleCell.xib; sourceTree = "<group>"; };
		C190BE1B2636A2E200D1EE89 /* BaseViewModel.swift */ = {isa = PBXFileReference; lastKnownFileType = sourcecode.swift; path = BaseViewModel.swift; sourceTree = "<group>"; };
		C190BE1F26379DB200D1EE89 /* CollectionGameCell.swift */ = {isa = PBXFileReference; lastKnownFileType = sourcecode.swift; path = CollectionGameCell.swift; sourceTree = "<group>"; };
		C190BE2026379DB200D1EE89 /* CollectionGameCell.xib */ = {isa = PBXFileReference; lastKnownFileType = file.xib; path = CollectionGameCell.xib; sourceTree = "<group>"; };
		C19E52882634FFF50055E9B5 /* BaseGameModel.swift */ = {isa = PBXFileReference; lastKnownFileType = sourcecode.swift; path = BaseGameModel.swift; sourceTree = "<group>"; };
		C4DB69C104D24398844DB248 /* Pods-qqhrLive.debug.xcconfig */ = {isa = PBXFileReference; includeInIndex = 1; lastKnownFileType = text.xcconfig; name = "Pods-qqhrLive.debug.xcconfig"; path = "Target Support Files/Pods-qqhrLive/Pods-qqhrLive.debug.xcconfig"; sourceTree = "<group>"; };
/* End PBXFileReference section */

/* Begin PBXFrameworksBuildPhase section */
		BC5A211E2618E46D00103AE3 /* Frameworks */ = {
			isa = PBXFrameworksBuildPhase;
			buildActionMask = 2147483647;
			files = (
				445713CE81313A700A15F0CF /* Pods_qqhrLive.framework in Frameworks */,
			);
			runOnlyForDeploymentPostprocessing = 0;
		};
/* End PBXFrameworksBuildPhase section */

/* Begin PBXGroup section */
		4325AF5D4D566C73A499DF0A /* Frameworks */ = {
			isa = PBXGroup;
			children = (
				6226BF157D9B1108294690A2 /* Pods_qqhrLive.framework */,
			);
			name = Frameworks;
			sourceTree = "<group>";
		};
		4A153535B8A8F4B0D3F0F1DB /* Pods */ = {
			isa = PBXGroup;
			children = (
				C4DB69C104D24398844DB248 /* Pods-qqhrLive.debug.xcconfig */,
				AF708FB4715A11213FAD4FFF /* Pods-qqhrLive.release.xcconfig */,
			);
			path = Pods;
			sourceTree = "<group>";
		};
		BC393DE6262C389800337FAB /* ViewModel */ = {
			isa = PBXGroup;
			children = (
				BC393DE7262C38CC00337FAB /* RecommendViewModel.swift */,
				BC24AEBA263E9B1F00D095A3 /* GameViewModel.swift */,
				BC24AEC2263F2C0E00D095A3 /* AmuseViewModel.swift */,
				BC5799DB264107E300452F77 /* FunnyViewModel.swift */,
			);
			path = ViewModel;
			sourceTree = "<group>";
		};
		BC5A21182618E46D00103AE3 = {
			isa = PBXGroup;
			children = (
				BC5A21232618E46D00103AE3 /* qqhrLive */,
				BC5A21222618E46D00103AE3 /* Products */,
				4A153535B8A8F4B0D3F0F1DB /* Pods */,
				4325AF5D4D566C73A499DF0A /* Frameworks */,
			);
			sourceTree = "<group>";
		};
		BC5A21222618E46D00103AE3 /* Products */ = {
			isa = PBXGroup;
			children = (
				BC5A21212618E46D00103AE3 /* qqhrLive.app */,
			);
			name = Products;
			sourceTree = "<group>";
		};
		BC5A21232618E46D00103AE3 /* qqhrLive */ = {
			isa = PBXGroup;
			children = (
				BC5A213B2618E9AB00103AE3 /* Classes */,
				BC5A21242618E46D00103AE3 /* AppDelegate.swift */,
				BC5A21262618E46D00103AE3 /* SceneDelegate.swift */,
				BC5A212D2618E46D00103AE3 /* Assets.xcassets */,
				BC5A212F2618E46D00103AE3 /* LaunchScreen.storyboard */,
				BC5A21322618E46D00103AE3 /* Info.plist */,
			);
			path = qqhrLive;
			sourceTree = "<group>";
		};
		BC5A213B2618E9AB00103AE3 /* Classes */ = {
			isa = PBXGroup;
			children = (
				BC5A21412618E9AB00103AE3 /* Main */,
				BC8F3AA92641685B00BBA40D /* Room */,
				BC5A213C2618E9AB00103AE3 /* Home */,
				BC5A21402618E9AB00103AE3 /* Live */,
				BC5A213E2618E9AB00103AE3 /* Follow */,
				BC5A213F2618E9AB00103AE3 /* Profile */,
				BC5A213D2618E9AB00103AE3 /* Tools */,
				BC3724F2261C8CE6003CD519 /* Common.swift */,
				BC393DDF262C347500337FAB /* NetworkTools.swift */,
			);
			path = Classes;
			sourceTree = "<group>";
		};
		BC5A213C2618E9AB00103AE3 /* Home */ = {
			isa = PBXGroup;
			children = (
				BC393DE6262C389800337FAB /* ViewModel */,
				BC5A215D261A10D800103AE3 /* Model */,
				BC5A215B261A10D800103AE3 /* View */,
				BC5A215C261A10D800103AE3 /* Controller */,
			);
			path = Home;
			sourceTree = "<group>";
		};
		BC5A213D2618E9AB00103AE3 /* Tools */ = {
			isa = PBXGroup;
			children = (
				BC5A2171261A1EF000103AE3 /* Extension */,
			);
			path = Tools;
			sourceTree = "<group>";
		};
		BC5A213E2618E9AB00103AE3 /* Follow */ = {
			isa = PBXGroup;
			children = (
				BC5A2167261A12AA00103AE3 /* Model */,
				BC5A2168261A12AA00103AE3 /* View */,
				BC5A2166261A12AA00103AE3 /* Controller */,
			);
			path = Follow;
			sourceTree = "<group>";
		};
		BC5A213F2618E9AB00103AE3 /* Profile */ = {
			isa = PBXGroup;
			children = (
				BC5A216B261A12B700103AE3 /* Model */,
				BC5A2169261A12B700103AE3 /* View */,
				BC5A216A261A12B700103AE3 /* Controller */,
			);
			path = Profile;
			sourceTree = "<group>";
		};
		BC5A21402618E9AB00103AE3 /* Live */ = {
			isa = PBXGroup;
			children = (
				BC5A2162261A128B00103AE3 /* Model */,
				BC5A2164261A128B00103AE3 /* View */,
				BC5A2163261A128B00103AE3 /* Controller */,
			);
			path = Live;
			sourceTree = "<group>";
		};
		BC5A21412618E9AB00103AE3 /* Main */ = {
			isa = PBXGroup;
			children = (
				C190BE1A2636A2C700D1EE89 /* ViewModle */,
				BC5A2160261A126F00103AE3 /* Model */,
				BC5A2161261A126F00103AE3 /* View */,
				BC5A215F261A126F00103AE3 /* Controller */,
			);
			path = Main;
			sourceTree = "<group>";
		};
		BC5A215B261A10D800103AE3 /* View */ = {
			isa = PBXGroup;
			children = (
				BC393D9D262BCF8100337FAB /* CollectionHeaderView.swift */,
				BC393D9E262BCF8100337FAB /* CollectionHeaderView.xib */,
				BC4145AB2633F35C00C1D0F5 /* RecommendCycleView.swift */,
				BC4145AE2633F3B500C1D0F5 /* RecommendCycleView.xib */,
				BCC4D57C263588B6001853AB /* CollectionCycleCell.swift */,
				BCC4D57D263588B6001853AB /* CollectionCycleCell.xib */,
<<<<<<< HEAD
				BC84008826371B67007AEAF4 /* RecommenGameView.swift */,
				BC84008B26371B7F007AEAF4 /* RecommenGameView.xib */,
				C190BE1F26379DB200D1EE89 /* CollectionGameCell.swift */,
				C190BE2026379DB200D1EE89 /* CollectionGameCell.xib */,
=======
				BC490555263CF88600C70BAD /* RecommendGameView.swift */,
				BC490558263CF89100C70BAD /* RecommendGameView.xib */,
				BC0B5206263D15B900F41859 /* CollectionGameCell.swift */,
				BC0B5207263D15B900F41859 /* CollectionGameCell.xib */,
				BC70BB4026406B7D00A30949 /* AmuseMenuView.swift */,
				BC70BB4226406BAA00A30949 /* AmuseMenuView.xib */,
>>>>>>> dev-home
			);
			path = View;
			sourceTree = "<group>";
		};
		BC5A215C261A10D800103AE3 /* Controller */ = {
			isa = PBXGroup;
			children = (
				BC5A214B2618F02300103AE3 /* Home.storyboard */,
				BC5A216C261A146500103AE3 /* HomeViewController.swift */,
				BC21F5E82629BCE200E4A824 /* RecommendViewController.swift */,
				BC6699D2263E4C0D000C7E8D /* GameViewController.swift */,
				BC24AEC0263F299C00D095A3 /* AmuseViewController.swift */,
				BC5799D92641034000452F77 /* FunneyViewController.swift */,
			);
			path = Controller;
			sourceTree = "<group>";
		};
		BC5A215D261A10D800103AE3 /* Model */ = {
			isa = PBXGroup;
			children = (
				BCC4D5792635834D001853AB /* CycleModel.swift */,
				BC24AEBC263E9DEE00D095A3 /* GameModel.swift */,
			);
			path = Model;
			sourceTree = "<group>";
		};
		BC5A215F261A126F00103AE3 /* Controller */ = {
			isa = PBXGroup;
			children = (
				BC5A212A2618E46D00103AE3 /* Main.storyboard */,
				BC24AEBE263EA4C500D095A3 /* BaseViewController.swift */,
				BC70BB3E26405AA300A30949 /* BaseAnchorViewController.swift */,
			);
			path = Controller;
			sourceTree = "<group>";
		};
		BC5A2160261A126F00103AE3 /* Model */ = {
			isa = PBXGroup;
			children = (
				BC393DEE262DACA700337FAB /* AncharGroup.swift */,
				BC393DF1262DB20C00337FAB /* AnchorModel.swift */,
				C19E52882634FFF50055E9B5 /* BaseGameModel.swift */,
			);
			path = Model;
			sourceTree = "<group>";
		};
		BC5A2161261A126F00103AE3 /* View */ = {
			isa = PBXGroup;
			children = (
				BC3724EF261C8A42003CD519 /* PageTitleView.swift */,
				BC3724F6261CAE29003CD519 /* PageContentView.swift */,
				BC393DA2262BDBEB00337FAB /* CollectionNormalCell.swift */,
				BC393DA3262BDBEB00337FAB /* CollectionNormalCell.xib */,
				BC393DAD262BE69A00337FAB /* CollectionPrettyCell.swift */,
				BC393DAE262BE69A00337FAB /* CollectionPrettyCell.xib */,
				BC4145A52633E67000C1D0F5 /* CollectionBaseCell.swift */,
				BC0B522D263D5E8800F41859 /* AVView.swift */,
			);
			path = View;
			sourceTree = "<group>";
		};
		BC5A2162261A128B00103AE3 /* Model */ = {
			isa = PBXGroup;
			children = (
			);
			path = Model;
			sourceTree = "<group>";
		};
		BC5A2163261A128B00103AE3 /* Controller */ = {
			isa = PBXGroup;
			children = (
				BC5A214F2618F05000103AE3 /* Live.storyboard */,
			);
			path = Controller;
			sourceTree = "<group>";
		};
		BC5A2164261A128B00103AE3 /* View */ = {
			isa = PBXGroup;
			children = (
			);
			path = View;
			sourceTree = "<group>";
		};
		BC5A2166261A12AA00103AE3 /* Controller */ = {
			isa = PBXGroup;
			children = (
				BC5A21522618F06E00103AE3 /* Follow.storyboard */,
			);
			path = Controller;
			sourceTree = "<group>";
		};
		BC5A2167261A12AA00103AE3 /* Model */ = {
			isa = PBXGroup;
			children = (
			);
			path = Model;
			sourceTree = "<group>";
		};
		BC5A2168261A12AA00103AE3 /* View */ = {
			isa = PBXGroup;
			children = (
			);
			path = View;
			sourceTree = "<group>";
		};
		BC5A2169261A12B700103AE3 /* View */ = {
			isa = PBXGroup;
			children = (
			);
			path = View;
			sourceTree = "<group>";
		};
		BC5A216A261A12B700103AE3 /* Controller */ = {
			isa = PBXGroup;
			children = (
				BC5A21562618F08100103AE3 /* Profile.storyboard */,
			);
			path = Controller;
			sourceTree = "<group>";
		};
		BC5A216B261A12B700103AE3 /* Model */ = {
			isa = PBXGroup;
			children = (
			);
			path = Model;
			sourceTree = "<group>";
		};
		BC5A2171261A1EF000103AE3 /* Extension */ = {
			isa = PBXGroup;
			children = (
				BC5A2172261A1F2E00103AE3 /* UIBarButtonItem-Extension.swift */,
				BC3724F9261CB146003CD519 /* UIColor-Extension.swift */,
				BC393DEB262DA7F400337FAB /* NSDate-Extension.swift */,
			);
			path = Extension;
			sourceTree = "<group>";
		};
		BC8F3AA92641685B00BBA40D /* Room */ = {
			isa = PBXGroup;
			children = (
				BC8F3AAB2641685B00BBA40D /* Model */,
				BC8F3AAC2641685B00BBA40D /* View */,
				BC8F3AAA2641685B00BBA40D /* Controller */,
			);
			path = Room;
			sourceTree = "<group>";
		};
		BC8F3AAA2641685B00BBA40D /* Controller */ = {
			isa = PBXGroup;
			children = (
				BC8F3AAD2641689B00BBA40D /* RoomShowViewController.swift */,
				BC8F3AAF264168D200BBA40D /* RoomNormalViewController.swift */,
			);
			path = Controller;
			sourceTree = "<group>";
		};
		BC8F3AAB2641685B00BBA40D /* Model */ = {
			isa = PBXGroup;
			children = (
			);
			path = Model;
			sourceTree = "<group>";
		};
		BC8F3AAC2641685B00BBA40D /* View */ = {
			isa = PBXGroup;
			children = (
			);
			path = View;
			sourceTree = "<group>";
		};
		C190BE1A2636A2C700D1EE89 /* ViewModle */ = {
			isa = PBXGroup;
			children = (
				C190BE1B2636A2E200D1EE89 /* BaseViewModel.swift */,
			);
			path = ViewModle;
			sourceTree = "<group>";
		};
/* End PBXGroup section */

/* Begin PBXNativeTarget section */
		BC5A21202618E46D00103AE3 /* qqhrLive */ = {
			isa = PBXNativeTarget;
			buildConfigurationList = BC5A21352618E46D00103AE3 /* Build configuration list for PBXNativeTarget "qqhrLive" */;
			buildPhases = (
				EE3E5A055928ED5EA80C7D60 /* [CP] Check Pods Manifest.lock */,
				BC5A211D2618E46D00103AE3 /* Sources */,
				BC5A211E2618E46D00103AE3 /* Frameworks */,
				BC5A211F2618E46D00103AE3 /* Resources */,
				A36DCC042EF017A68C28C807 /* [CP] Embed Pods Frameworks */,
			);
			buildRules = (
			);
			dependencies = (
			);
			name = qqhrLive;
			productName = qqhrLive;
			productReference = BC5A21212618E46D00103AE3 /* qqhrLive.app */;
			productType = "com.apple.product-type.application";
		};
/* End PBXNativeTarget section */

/* Begin PBXProject section */
		BC5A21192618E46D00103AE3 /* Project object */ = {
			isa = PBXProject;
			attributes = {
				LastSwiftUpdateCheck = 1240;
				LastUpgradeCheck = 1240;
				TargetAttributes = {
					BC5A21202618E46D00103AE3 = {
						CreatedOnToolsVersion = 12.4;
					};
				};
			};
			buildConfigurationList = BC5A211C2618E46D00103AE3 /* Build configuration list for PBXProject "qqhrLive" */;
			compatibilityVersion = "Xcode 12.0";
			developmentRegion = en;
			hasScannedForEncodings = 0;
			knownRegions = (
				en,
				Base,
			);
			mainGroup = BC5A21182618E46D00103AE3;
			productRefGroup = BC5A21222618E46D00103AE3 /* Products */;
			projectDirPath = "";
			projectRoot = "";
			targets = (
				BC5A21202618E46D00103AE3 /* qqhrLive */,
			);
		};
/* End PBXProject section */

/* Begin PBXResourcesBuildPhase section */
		BC5A211F2618E46D00103AE3 /* Resources */ = {
			isa = PBXResourcesBuildPhase;
			buildActionMask = 2147483647;
			files = (
				BC5A21312618E46D00103AE3 /* LaunchScreen.storyboard in Resources */,
				BC393DA0262BCF8100337FAB /* CollectionHeaderView.xib in Resources */,
				BC84008C26371B7F007AEAF4 /* RecommenGameView.xib in Resources */,
				BC393DA5262BDBEB00337FAB /* CollectionNormalCell.xib in Resources */,
				BC5A212E2618E46D00103AE3 /* Assets.xcassets in Resources */,
				BC5A212C2618E46D00103AE3 /* Main.storyboard in Resources */,
				BC5A21502618F05000103AE3 /* Live.storyboard in Resources */,
				C190BE2226379DB200D1EE89 /* CollectionGameCell.xib in Resources */,
				BC5A214D2618F02300103AE3 /* Home.storyboard in Resources */,
				BC0B5209263D15B900F41859 /* CollectionGameCell.xib in Resources */,
				BC70BB4326406BAA00A30949 /* AmuseMenuView.xib in Resources */,
				BC4145AF2633F3B500C1D0F5 /* RecommendCycleView.xib in Resources */,
				BCC4D57F263588B6001853AB /* CollectionCycleCell.xib in Resources */,
				BC393DB0262BE69A00337FAB /* CollectionPrettyCell.xib in Resources */,
				BC5A21572618F08100103AE3 /* Profile.storyboard in Resources */,
				BC490559263CF89100C70BAD /* RecommendGameView.xib in Resources */,
				BC5A21542618F06E00103AE3 /* Follow.storyboard in Resources */,
			);
			runOnlyForDeploymentPostprocessing = 0;
		};
/* End PBXResourcesBuildPhase section */

/* Begin PBXShellScriptBuildPhase section */
		A36DCC042EF017A68C28C807 /* [CP] Embed Pods Frameworks */ = {
			isa = PBXShellScriptBuildPhase;
			buildActionMask = 2147483647;
			files = (
			);
			inputFileListPaths = (
				"${PODS_ROOT}/Target Support Files/Pods-qqhrLive/Pods-qqhrLive-frameworks-${CONFIGURATION}-input-files.xcfilelist",
			);
			name = "[CP] Embed Pods Frameworks";
			outputFileListPaths = (
				"${PODS_ROOT}/Target Support Files/Pods-qqhrLive/Pods-qqhrLive-frameworks-${CONFIGURATION}-output-files.xcfilelist",
			);
			runOnlyForDeploymentPostprocessing = 0;
			shellPath = /bin/sh;
			shellScript = "\"${PODS_ROOT}/Target Support Files/Pods-qqhrLive/Pods-qqhrLive-frameworks.sh\"\n";
			showEnvVarsInLog = 0;
		};
		EE3E5A055928ED5EA80C7D60 /* [CP] Check Pods Manifest.lock */ = {
			isa = PBXShellScriptBuildPhase;
			buildActionMask = 2147483647;
			files = (
			);
			inputFileListPaths = (
			);
			inputPaths = (
				"${PODS_PODFILE_DIR_PATH}/Podfile.lock",
				"${PODS_ROOT}/Manifest.lock",
			);
			name = "[CP] Check Pods Manifest.lock";
			outputFileListPaths = (
			);
			outputPaths = (
				"$(DERIVED_FILE_DIR)/Pods-qqhrLive-checkManifestLockResult.txt",
			);
			runOnlyForDeploymentPostprocessing = 0;
			shellPath = /bin/sh;
			shellScript = "diff \"${PODS_PODFILE_DIR_PATH}/Podfile.lock\" \"${PODS_ROOT}/Manifest.lock\" > /dev/null\nif [ $? != 0 ] ; then\n    # print error to STDERR\n    echo \"error: The sandbox is not in sync with the Podfile.lock. Run 'pod install' or update your CocoaPods installation.\" >&2\n    exit 1\nfi\n# This output is used by Xcode 'outputs' to avoid re-running this script phase.\necho \"SUCCESS\" > \"${SCRIPT_OUTPUT_FILE_0}\"\n";
			showEnvVarsInLog = 0;
		};
/* End PBXShellScriptBuildPhase section */

/* Begin PBXSourcesBuildPhase section */
		BC5A211D2618E46D00103AE3 /* Sources */ = {
			isa = PBXSourcesBuildPhase;
			buildActionMask = 2147483647;
			files = (
				BC4145AC2633F35C00C1D0F5 /* RecommendCycleView.swift in Sources */,
				BC5A21252618E46D00103AE3 /* AppDelegate.swift in Sources */,
				BC393D9F262BCF8100337FAB /* CollectionHeaderView.swift in Sources */,
				BC3724FA261CB146003CD519 /* UIColor-Extension.swift in Sources */,
				C19E52892634FFF50055E9B5 /* BaseGameModel.swift in Sources */,
				BC24AEBF263EA4C500D095A3 /* BaseViewController.swift in Sources */,
				BC21F5E92629BCE200E4A824 /* RecommendViewController.swift in Sources */,
				BC70BB4126406B7D00A30949 /* AmuseMenuView.swift in Sources */,
				BCC4D57A2635834D001853AB /* CycleModel.swift in Sources */,
				BC0B522E263D5E8800F41859 /* AVView.swift in Sources */,
				BC5A21272618E46D00103AE3 /* SceneDelegate.swift in Sources */,
				BC3724F0261C8A42003CD519 /* PageTitleView.swift in Sources */,
				BC8F3AB0264168D200BBA40D /* RoomNormalViewController.swift in Sources */,
				BC393DEF262DACA700337FAB /* AncharGroup.swift in Sources */,
				BC24AEC1263F299C00D095A3 /* AmuseViewController.swift in Sources */,
				BC3724F7261CAE29003CD519 /* PageContentView.swift in Sources */,
				BC5A2173261A1F2E00103AE3 /* UIBarButtonItem-Extension.swift in Sources */,
<<<<<<< HEAD
				BC84008926371B67007AEAF4 /* RecommenGameView.swift in Sources */,
				C190BE2126379DB200D1EE89 /* CollectionGameCell.swift in Sources */,
=======
				BC6699D3263E4C0D000C7E8D /* GameViewController.swift in Sources */,
				BC24AEBD263E9DEE00D095A3 /* GameModel.swift in Sources */,
>>>>>>> dev-home
				BC3724F3261C8CE6003CD519 /* Common.swift in Sources */,
				BC0B5208263D15B900F41859 /* CollectionGameCell.swift in Sources */,
				BC393DAF262BE69A00337FAB /* CollectionPrettyCell.swift in Sources */,
				C190BE1C2636A2E200D1EE89 /* BaseViewModel.swift in Sources */,
				BC70BB3F26405AA300A30949 /* BaseAnchorViewController.swift in Sources */,
				BC393DEC262DA7F400337FAB /* NSDate-Extension.swift in Sources */,
				BC24AEC3263F2C0E00D095A3 /* AmuseViewModel.swift in Sources */,
				BC4145A62633E67000C1D0F5 /* CollectionBaseCell.swift in Sources */,
				BC24AEBB263E9B1F00D095A3 /* GameViewModel.swift in Sources */,
				BC5799DA2641034000452F77 /* FunneyViewController.swift in Sources */,
				BC490556263CF88600C70BAD /* RecommendGameView.swift in Sources */,
				BC393DA4262BDBEB00337FAB /* CollectionNormalCell.swift in Sources */,
				BC393DE0262C347600337FAB /* NetworkTools.swift in Sources */,
				BC5799DC264107E300452F77 /* FunnyViewModel.swift in Sources */,
				BC5A216D261A146500103AE3 /* HomeViewController.swift in Sources */,
				BC8F3AAE2641689B00BBA40D /* RoomShowViewController.swift in Sources */,
				BC393DE8262C38CC00337FAB /* RecommendViewModel.swift in Sources */,
				BCC4D57E263588B6001853AB /* CollectionCycleCell.swift in Sources */,
				BC393DF2262DB20C00337FAB /* AnchorModel.swift in Sources */,
			);
			runOnlyForDeploymentPostprocessing = 0;
		};
/* End PBXSourcesBuildPhase section */

/* Begin PBXVariantGroup section */
		BC5A212A2618E46D00103AE3 /* Main.storyboard */ = {
			isa = PBXVariantGroup;
			children = (
				BC5A212B2618E46D00103AE3 /* Base */,
			);
			name = Main.storyboard;
			sourceTree = "<group>";
		};
		BC5A212F2618E46D00103AE3 /* LaunchScreen.storyboard */ = {
			isa = PBXVariantGroup;
			children = (
				BC5A21302618E46D00103AE3 /* Base */,
			);
			name = LaunchScreen.storyboard;
			sourceTree = "<group>";
		};
		BC5A214B2618F02300103AE3 /* Home.storyboard */ = {
			isa = PBXVariantGroup;
			children = (
				BC5A214C2618F02300103AE3 /* Base */,
			);
			name = Home.storyboard;
			sourceTree = "<group>";
		};
		BC5A21522618F06E00103AE3 /* Follow.storyboard */ = {
			isa = PBXVariantGroup;
			children = (
				BC5A21532618F06E00103AE3 /* Base */,
			);
			name = Follow.storyboard;
			sourceTree = "<group>";
		};
/* End PBXVariantGroup section */

/* Begin XCBuildConfiguration section */
		BC5A21332618E46D00103AE3 /* Debug */ = {
			isa = XCBuildConfiguration;
			buildSettings = {
				ALWAYS_SEARCH_USER_PATHS = NO;
				CLANG_ANALYZER_NONNULL = YES;
				CLANG_ANALYZER_NUMBER_OBJECT_CONVERSION = YES_AGGRESSIVE;
				CLANG_CXX_LANGUAGE_STANDARD = "gnu++14";
				CLANG_CXX_LIBRARY = "libc++";
				CLANG_ENABLE_MODULES = YES;
				CLANG_ENABLE_OBJC_ARC = YES;
				CLANG_ENABLE_OBJC_WEAK = YES;
				CLANG_WARN_BLOCK_CAPTURE_AUTORELEASING = YES;
				CLANG_WARN_BOOL_CONVERSION = YES;
				CLANG_WARN_COMMA = YES;
				CLANG_WARN_CONSTANT_CONVERSION = YES;
				CLANG_WARN_DEPRECATED_OBJC_IMPLEMENTATIONS = YES;
				CLANG_WARN_DIRECT_OBJC_ISA_USAGE = YES_ERROR;
				CLANG_WARN_DOCUMENTATION_COMMENTS = YES;
				CLANG_WARN_EMPTY_BODY = YES;
				CLANG_WARN_ENUM_CONVERSION = YES;
				CLANG_WARN_INFINITE_RECURSION = YES;
				CLANG_WARN_INT_CONVERSION = YES;
				CLANG_WARN_NON_LITERAL_NULL_CONVERSION = YES;
				CLANG_WARN_OBJC_IMPLICIT_RETAIN_SELF = YES;
				CLANG_WARN_OBJC_LITERAL_CONVERSION = YES;
				CLANG_WARN_OBJC_ROOT_CLASS = YES_ERROR;
				CLANG_WARN_QUOTED_INCLUDE_IN_FRAMEWORK_HEADER = YES;
				CLANG_WARN_RANGE_LOOP_ANALYSIS = YES;
				CLANG_WARN_STRICT_PROTOTYPES = YES;
				CLANG_WARN_SUSPICIOUS_MOVE = YES;
				CLANG_WARN_UNGUARDED_AVAILABILITY = YES_AGGRESSIVE;
				CLANG_WARN_UNREACHABLE_CODE = YES;
				CLANG_WARN__DUPLICATE_METHOD_MATCH = YES;
				COPY_PHASE_STRIP = NO;
				DEBUG_INFORMATION_FORMAT = dwarf;
				ENABLE_STRICT_OBJC_MSGSEND = YES;
				ENABLE_TESTABILITY = YES;
				GCC_C_LANGUAGE_STANDARD = gnu11;
				GCC_DYNAMIC_NO_PIC = NO;
				GCC_NO_COMMON_BLOCKS = YES;
				GCC_OPTIMIZATION_LEVEL = 0;
				GCC_PREPROCESSOR_DEFINITIONS = (
					"DEBUG=1",
					"$(inherited)",
				);
				GCC_WARN_64_TO_32_BIT_CONVERSION = YES;
				GCC_WARN_ABOUT_RETURN_TYPE = YES_ERROR;
				GCC_WARN_UNDECLARED_SELECTOR = YES;
				GCC_WARN_UNINITIALIZED_AUTOS = YES_AGGRESSIVE;
				GCC_WARN_UNUSED_FUNCTION = YES;
				GCC_WARN_UNUSED_VARIABLE = YES;
				IPHONEOS_DEPLOYMENT_TARGET = 14.4;
				MTL_ENABLE_DEBUG_INFO = INCLUDE_SOURCE;
				MTL_FAST_MATH = YES;
				ONLY_ACTIVE_ARCH = YES;
				SDKROOT = iphoneos;
				SWIFT_ACTIVE_COMPILATION_CONDITIONS = DEBUG;
				SWIFT_OPTIMIZATION_LEVEL = "-Onone";
			};
			name = Debug;
		};
		BC5A21342618E46D00103AE3 /* Release */ = {
			isa = XCBuildConfiguration;
			buildSettings = {
				ALWAYS_SEARCH_USER_PATHS = NO;
				CLANG_ANALYZER_NONNULL = YES;
				CLANG_ANALYZER_NUMBER_OBJECT_CONVERSION = YES_AGGRESSIVE;
				CLANG_CXX_LANGUAGE_STANDARD = "gnu++14";
				CLANG_CXX_LIBRARY = "libc++";
				CLANG_ENABLE_MODULES = YES;
				CLANG_ENABLE_OBJC_ARC = YES;
				CLANG_ENABLE_OBJC_WEAK = YES;
				CLANG_WARN_BLOCK_CAPTURE_AUTORELEASING = YES;
				CLANG_WARN_BOOL_CONVERSION = YES;
				CLANG_WARN_COMMA = YES;
				CLANG_WARN_CONSTANT_CONVERSION = YES;
				CLANG_WARN_DEPRECATED_OBJC_IMPLEMENTATIONS = YES;
				CLANG_WARN_DIRECT_OBJC_ISA_USAGE = YES_ERROR;
				CLANG_WARN_DOCUMENTATION_COMMENTS = YES;
				CLANG_WARN_EMPTY_BODY = YES;
				CLANG_WARN_ENUM_CONVERSION = YES;
				CLANG_WARN_INFINITE_RECURSION = YES;
				CLANG_WARN_INT_CONVERSION = YES;
				CLANG_WARN_NON_LITERAL_NULL_CONVERSION = YES;
				CLANG_WARN_OBJC_IMPLICIT_RETAIN_SELF = YES;
				CLANG_WARN_OBJC_LITERAL_CONVERSION = YES;
				CLANG_WARN_OBJC_ROOT_CLASS = YES_ERROR;
				CLANG_WARN_QUOTED_INCLUDE_IN_FRAMEWORK_HEADER = YES;
				CLANG_WARN_RANGE_LOOP_ANALYSIS = YES;
				CLANG_WARN_STRICT_PROTOTYPES = YES;
				CLANG_WARN_SUSPICIOUS_MOVE = YES;
				CLANG_WARN_UNGUARDED_AVAILABILITY = YES_AGGRESSIVE;
				CLANG_WARN_UNREACHABLE_CODE = YES;
				CLANG_WARN__DUPLICATE_METHOD_MATCH = YES;
				COPY_PHASE_STRIP = NO;
				DEBUG_INFORMATION_FORMAT = "dwarf-with-dsym";
				ENABLE_NS_ASSERTIONS = NO;
				ENABLE_STRICT_OBJC_MSGSEND = YES;
				GCC_C_LANGUAGE_STANDARD = gnu11;
				GCC_NO_COMMON_BLOCKS = YES;
				GCC_WARN_64_TO_32_BIT_CONVERSION = YES;
				GCC_WARN_ABOUT_RETURN_TYPE = YES_ERROR;
				GCC_WARN_UNDECLARED_SELECTOR = YES;
				GCC_WARN_UNINITIALIZED_AUTOS = YES_AGGRESSIVE;
				GCC_WARN_UNUSED_FUNCTION = YES;
				GCC_WARN_UNUSED_VARIABLE = YES;
				IPHONEOS_DEPLOYMENT_TARGET = 14.4;
				MTL_ENABLE_DEBUG_INFO = NO;
				MTL_FAST_MATH = YES;
				SDKROOT = iphoneos;
				SWIFT_COMPILATION_MODE = wholemodule;
				SWIFT_OPTIMIZATION_LEVEL = "-O";
				VALIDATE_PRODUCT = YES;
			};
			name = Release;
		};
		BC5A21362618E46D00103AE3 /* Debug */ = {
			isa = XCBuildConfiguration;
			baseConfigurationReference = C4DB69C104D24398844DB248 /* Pods-qqhrLive.debug.xcconfig */;
			buildSettings = {
				ASSETCATALOG_COMPILER_APPICON_NAME = AppIcon;
				ASSETCATALOG_COMPILER_GLOBAL_ACCENT_COLOR_NAME = AccentColor;
				CODE_SIGN_IDENTITY = "Apple Development";
				CODE_SIGN_STYLE = Automatic;
				DEVELOPMENT_TEAM = VB7PYHH8WS;
				INFOPLIST_FILE = qqhrLive/Info.plist;
				IPHONEOS_DEPLOYMENT_TARGET = 14.0;
				LD_RUNPATH_SEARCH_PATHS = (
					"$(inherited)",
					"@executable_path/Frameworks",
				);
				PRODUCT_BUNDLE_IDENTIFIER = king.qqhrLive;
				PRODUCT_NAME = "$(TARGET_NAME)";
				PROVISIONING_PROFILE_SPECIFIER = "";
				SWIFT_VERSION = 5.0;
				TARGETED_DEVICE_FAMILY = "1,2";
			};
			name = Debug;
		};
		BC5A21372618E46D00103AE3 /* Release */ = {
			isa = XCBuildConfiguration;
			baseConfigurationReference = AF708FB4715A11213FAD4FFF /* Pods-qqhrLive.release.xcconfig */;
			buildSettings = {
				ASSETCATALOG_COMPILER_APPICON_NAME = AppIcon;
				ASSETCATALOG_COMPILER_GLOBAL_ACCENT_COLOR_NAME = AccentColor;
				CODE_SIGN_IDENTITY = "Apple Development";
				CODE_SIGN_STYLE = Automatic;
				DEVELOPMENT_TEAM = VB7PYHH8WS;
				INFOPLIST_FILE = qqhrLive/Info.plist;
				IPHONEOS_DEPLOYMENT_TARGET = 14.0;
				LD_RUNPATH_SEARCH_PATHS = (
					"$(inherited)",
					"@executable_path/Frameworks",
				);
				PRODUCT_BUNDLE_IDENTIFIER = king.qqhrLive;
				PRODUCT_NAME = "$(TARGET_NAME)";
				PROVISIONING_PROFILE_SPECIFIER = "";
				SWIFT_VERSION = 5.0;
				TARGETED_DEVICE_FAMILY = "1,2";
			};
			name = Release;
		};
/* End XCBuildConfiguration section */

/* Begin XCConfigurationList section */
		BC5A211C2618E46D00103AE3 /* Build configuration list for PBXProject "qqhrLive" */ = {
			isa = XCConfigurationList;
			buildConfigurations = (
				BC5A21332618E46D00103AE3 /* Debug */,
				BC5A21342618E46D00103AE3 /* Release */,
			);
			defaultConfigurationIsVisible = 0;
			defaultConfigurationName = Release;
		};
		BC5A21352618E46D00103AE3 /* Build configuration list for PBXNativeTarget "qqhrLive" */ = {
			isa = XCConfigurationList;
			buildConfigurations = (
				BC5A21362618E46D00103AE3 /* Debug */,
				BC5A21372618E46D00103AE3 /* Release */,
			);
			defaultConfigurationIsVisible = 0;
			defaultConfigurationName = Release;
		};
/* End XCConfigurationList section */
	};
	rootObject = BC5A21192618E46D00103AE3 /* Project object */;
}
